
Microsoft Visual Studio Solution File, Format Version 12.00
# Visual Studio Version 17
VisualStudioVersion = 17.13.35931.197
MinimumVisualStudioVersion = 10.0.40219.1
Project("{8BC9CEB8-8B4A-11D0-8D11-00A0C91BC942}") = "WinAPI", "WinAPI\WinAPI.vcxproj", "{309D9EA1-BE5D-4CBA-99FD-3770F8D76667}"
EndProject
Project("{8BC9CEB8-8B4A-11D0-8D11-00A0C91BC942}") = "ComboBox", "ComboBox\ComboBox.vcxproj", "{E58967F8-9E1E-487C-B1EF-AB66209496DA}"
EndProject
Project("{8BC9CEB8-8B4A-11D0-8D11-00A0C91BC942}") = "ListBox", "ListBox\ListBox.vcxproj", "{41E8A766-E8A3-4AC2-8DD9-531FBCF04EAB}"
EndProject
Project("{8BC9CEB8-8B4A-11D0-8D11-00A0C91BC942}") = "MainWindow", "MainWindow\MainWindow.vcxproj", "{682C4D80-5C41-41AC-9C74-77C882B86EF8}"
EndProject
Project("{8BC9CEB8-8B4A-11D0-8D11-00A0C91BC942}") = "Calc", "Calc\Calc.vcxproj", "{62F02E2F-03DC-4D1F-A19B-6B753E1E5120}"
EndProject
Project("{8BC9CEB8-8B4A-11D0-8D11-00A0C91BC942}") = "Resource-onlyDLL", "Resource-onlyDLL\Resource-onlyDLL.vcxproj", "{51C1DB5C-64BE-415A-809F-B29E02D2D03B}"
EndProject
Global
	GlobalSection(SolutionConfigurationPlatforms) = preSolution
		Debug|x64 = Debug|x64
		Debug|x86 = Debug|x86
		Release|x64 = Release|x64
		Release|x86 = Release|x86
	EndGlobalSection
	GlobalSection(ProjectConfigurationPlatforms) = postSolution
		{309D9EA1-BE5D-4CBA-99FD-3770F8D76667}.Debug|x64.ActiveCfg = Debug|x64
		{309D9EA1-BE5D-4CBA-99FD-3770F8D76667}.Debug|x64.Build.0 = Debug|x64
		{309D9EA1-BE5D-4CBA-99FD-3770F8D76667}.Debug|x86.ActiveCfg = Debug|Win32
		{309D9EA1-BE5D-4CBA-99FD-3770F8D76667}.Debug|x86.Build.0 = Debug|Win32
		{309D9EA1-BE5D-4CBA-99FD-3770F8D76667}.Release|x64.ActiveCfg = Release|x64
		{309D9EA1-BE5D-4CBA-99FD-3770F8D76667}.Release|x64.Build.0 = Release|x64
		{309D9EA1-BE5D-4CBA-99FD-3770F8D76667}.Release|x86.ActiveCfg = Release|Win32
		{309D9EA1-BE5D-4CBA-99FD-3770F8D76667}.Release|x86.Build.0 = Release|Win32
		{E58967F8-9E1E-487C-B1EF-AB66209496DA}.Debug|x64.ActiveCfg = Debug|x64
		{E58967F8-9E1E-487C-B1EF-AB66209496DA}.Debug|x64.Build.0 = Debug|x64
		{E58967F8-9E1E-487C-B1EF-AB66209496DA}.Debug|x86.ActiveCfg = Debug|Win32
		{E58967F8-9E1E-487C-B1EF-AB66209496DA}.Debug|x86.Build.0 = Debug|Win32
		{E58967F8-9E1E-487C-B1EF-AB66209496DA}.Release|x64.ActiveCfg = Release|x64
		{E58967F8-9E1E-487C-B1EF-AB66209496DA}.Release|x64.Build.0 = Release|x64
		{E58967F8-9E1E-487C-B1EF-AB66209496DA}.Release|x86.ActiveCfg = Release|Win32
		{E58967F8-9E1E-487C-B1EF-AB66209496DA}.Release|x86.Build.0 = Release|Win32
		{41E8A766-E8A3-4AC2-8DD9-531FBCF04EAB}.Debug|x64.ActiveCfg = Debug|x64
		{41E8A766-E8A3-4AC2-8DD9-531FBCF04EAB}.Debug|x64.Build.0 = Debug|x64
		{41E8A766-E8A3-4AC2-8DD9-531FBCF04EAB}.Debug|x86.ActiveCfg = Debug|Win32
		{41E8A766-E8A3-4AC2-8DD9-531FBCF04EAB}.Debug|x86.Build.0 = Debug|Win32
		{41E8A766-E8A3-4AC2-8DD9-531FBCF04EAB}.Release|x64.ActiveCfg = Release|x64
		{41E8A766-E8A3-4AC2-8DD9-531FBCF04EAB}.Release|x64.Build.0 = Release|x64
		{41E8A766-E8A3-4AC2-8DD9-531FBCF04EAB}.Release|x86.ActiveCfg = Release|Win32
		{41E8A766-E8A3-4AC2-8DD9-531FBCF04EAB}.Release|x86.Build.0 = Release|Win32
		{682C4D80-5C41-41AC-9C74-77C882B86EF8}.Debug|x64.ActiveCfg = Debug|x64
		{682C4D80-5C41-41AC-9C74-77C882B86EF8}.Debug|x64.Build.0 = Debug|x64
		{682C4D80-5C41-41AC-9C74-77C882B86EF8}.Debug|x86.ActiveCfg = Debug|Win32
		{682C4D80-5C41-41AC-9C74-77C882B86EF8}.Debug|x86.Build.0 = Debug|Win32
		{682C4D80-5C41-41AC-9C74-77C882B86EF8}.Release|x64.ActiveCfg = Release|x64
		{682C4D80-5C41-41AC-9C74-77C882B86EF8}.Release|x64.Build.0 = Release|x64
		{682C4D80-5C41-41AC-9C74-77C882B86EF8}.Release|x86.ActiveCfg = Release|Win32
		{682C4D80-5C41-41AC-9C74-77C882B86EF8}.Release|x86.Build.0 = Release|Win32
		{62F02E2F-03DC-4D1F-A19B-6B753E1E5120}.Debug|x64.ActiveCfg = Debug|x64
		{62F02E2F-03DC-4D1F-A19B-6B753E1E5120}.Debug|x64.Build.0 = Debug|x64
		{62F02E2F-03DC-4D1F-A19B-6B753E1E5120}.Debug|x86.ActiveCfg = Debug|Win32
		{62F02E2F-03DC-4D1F-A19B-6B753E1E5120}.Debug|x86.Build.0 = Debug|Win32
		{62F02E2F-03DC-4D1F-A19B-6B753E1E5120}.Release|x64.ActiveCfg = Release|x64
		{62F02E2F-03DC-4D1F-A19B-6B753E1E5120}.Release|x64.Build.0 = Release|x64
		{62F02E2F-03DC-4D1F-A19B-6B753E1E5120}.Release|x86.ActiveCfg = Release|Win32
		{62F02E2F-03DC-4D1F-A19B-6B753E1E5120}.Release|x86.Build.0 = Release|Win32
		{51C1DB5C-64BE-415A-809F-B29E02D2D03B}.Debug|x64.ActiveCfg = Debug|x64
		{51C1DB5C-64BE-415A-809F-B29E02D2D03B}.Debug|x64.Build.0 = Debug|x64
		{51C1DB5C-64BE-415A-809F-B29E02D2D03B}.Debug|x86.ActiveCfg = Debug|Win32
		{51C1DB5C-64BE-415A-809F-B29E02D2D03B}.Debug|x86.Build.0 = Debug|Win32
		{51C1DB5C-64BE-415A-809F-B29E02D2D03B}.Release|x64.ActiveCfg = Release|x64
		{51C1DB5C-64BE-415A-809F-B29E02D2D03B}.Release|x64.Build.0 = Release|x64
		{51C1DB5C-64BE-415A-809F-B29E02D2D03B}.Release|x86.ActiveCfg = Release|Win32
		{51C1DB5C-64BE-415A-809F-B29E02D2D03B}.Release|x86.Build.0 = Release|Win32
	EndGlobalSection
	GlobalSection(SolutionProperties) = preSolution
		HideSolutionNode = FALSE
	EndGlobalSection
	GlobalSection(ExtensibilityGlobals) = postSolution
		SolutionGuid = {2F8BC1A3-6A7D-43E3-A873-F2FDBF1E45FF}
	EndGlobalSection
EndGlobal
